
Microsoft Visual Studio Solution File, Format Version 12.00
# Visual Studio Version 17
VisualStudioVersion = 17.4.33213.308
MinimumVisualStudioVersion = 10.0.40219.1
Project("{FAE04EC0-301F-11D3-BF4B-00C04F79EFBC}") = "SolucionSE17", "SolucionSE17\SolucionSE17.csproj", "{FC51B9C7-4C69-444D-9114-5040E81040AF}"
EndProject
Project("{FAE04EC0-301F-11D3-BF4B-00C04F79EFBC}") = "SolucionSE17DAL", "SolucionSE17DAL\SolucionSE17DAL.csproj", "{2FB2C292-7A02-4E72-9F29-D936EB9E7813}"
EndProject
Global
	GlobalSection(SolutionConfigurationPlatforms) = preSolution
		Debug|Any CPU = Debug|Any CPU
		Release|Any CPU = Release|Any CPU
	EndGlobalSection
	GlobalSection(ProjectConfigurationPlatforms) = postSolution
		{FC51B9C7-4C69-444D-9114-5040E81040AF}.Debug|Any CPU.ActiveCfg = Debug|Any CPU
		{FC51B9C7-4C69-444D-9114-5040E81040AF}.Debug|Any CPU.Build.0 = Debug|Any CPU
		{FC51B9C7-4C69-444D-9114-5040E81040AF}.Release|Any CPU.ActiveCfg = Release|Any CPU
		{FC51B9C7-4C69-444D-9114-5040E81040AF}.Release|Any CPU.Build.0 = Release|Any CPU
		{2FB2C292-7A02-4E72-9F29-D936EB9E7813}.Debug|Any CPU.ActiveCfg = Debug|Any CPU
		{2FB2C292-7A02-4E72-9F29-D936EB9E7813}.Debug|Any CPU.Build.0 = Debug|Any CPU
		{2FB2C292-7A02-4E72-9F29-D936EB9E7813}.Release|Any CPU.ActiveCfg = Release|Any CPU
		{2FB2C292-7A02-4E72-9F29-D936EB9E7813}.Release|Any CPU.Build.0 = Release|Any CPU
	EndGlobalSection
	GlobalSection(SolutionProperties) = preSolution
		HideSolutionNode = FALSE
	EndGlobalSection
	GlobalSection(ExtensibilityGlobals) = postSolution
		SolutionGuid = {1CE66BAB-9426-45CE-BB96-095F556A85BD}
	EndGlobalSection
EndGlobal
